
Microsoft Visual Studio Solution File, Format Version 12.00
# Visual Studio Version 16
VisualStudioVersion = 16.0.30104.148
MinimumVisualStudioVersion = 10.0.40219.1
Project("{F184B08F-C81C-45F6-A57F-5ABD9991F28F}") = "WebApplication1", "WebApplication1\WebApplication1.vbproj", "{A3455591-703E-42C7-B6E1-0D0624A7D3A0}"
EndProject
Global
	GlobalSection(SolutionConfigurationPlatforms) = preSolution
		Debug|Any CPU = Debug|Any CPU
		Release|Any CPU = Release|Any CPU
	EndGlobalSection
	GlobalSection(ProjectConfigurationPlatforms) = postSolution
		{A3455591-703E-42C7-B6E1-0D0624A7D3A0}.Debug|Any CPU.ActiveCfg = Debug|Any CPU
		{A3455591-703E-42C7-B6E1-0D0624A7D3A0}.Debug|Any CPU.Build.0 = Debug|Any CPU
		{A3455591-703E-42C7-B6E1-0D0624A7D3A0}.Release|Any CPU.ActiveCfg = Release|Any CPU
		{A3455591-703E-42C7-B6E1-0D0624A7D3A0}.Release|Any CPU.Build.0 = Release|Any CPU
	EndGlobalSection
	GlobalSection(SolutionProperties) = preSolution
		HideSolutionNode = FALSE
	EndGlobalSection
	GlobalSection(ExtensibilityGlobals) = postSolution
		SolutionGuid = {E9CB31F1-CD9B-42DE-B281-1AD43412A5C8}
	EndGlobalSection
EndGlobal
